{
  "lockfileVersion": 1,
  "dependencies": {
    "clone": {
      "version": "2.1.2",
      "resolved": "https://registry.npmjs.org/clone/-/clone-2.1.2.tgz",
      "integrity": "sha1-G39Ln1kfHo+DZwQBYANFoCiHQ18="
    },
    "lodash": {
      "version": "4.17.21",
      "resolved": "https://registry.npmjs.org/lodash/-/lodash-4.17.21.tgz",
      "integrity": "sha512-v2kDEe57lecTulaDIuNTPy3Ry4gLGJ6Z1O3vE1krgXZNrsQ+LFTGHVxVjcXPs17LhbZVGedAJv8XZ1tvj5FvSg=="
    },
    "lodash._reinterpolate": {
      "version": "3.0.0",
      "resolved": "https://registry.npmjs.org/lodash._reinterpolate/-/lodash._reinterpolate-3.0.0.tgz",
      "integrity": "sha1-DM8tiRZq8Ds2Y8eWU4t1rG4RTZ0="
    },
    "lodash.template": {
      "version": "4.5.0",
      "resolved": "https://registry.npmjs.org/lodash.template/-/lodash.template-4.5.0.tgz",
      "integrity": "sha512-84vYFxIkmidUiFxidA/KjjH9pAycqW+h980j7Fuz5qxRtO9pgB7MDFTdys1N7A5mcucRiDyEq4fusljItR1T/A=="
    },
    "lodash.templatesettings": {
      "version": "4.2.0",
      "resolved": "https://registry.npmjs.org/lodash.templatesettings/-/lodash.templatesettings-4.2.0.tgz",
      "integrity": "sha512-stgLz+i3Aa9mZgnjr/O+v9ruKZsPsndy7qPZOchbqk2cnTU1ZaldKK+v7m54WoKIyxiuMZTKT2H81F8BeAc3ZQ=="
    },
    "message-box": {
      "version": "0.2.7",
      "resolved": "https://registry.npmjs.org/message-box/-/message-box-0.2.7.tgz",
      "integrity": "sha512-C4ccA5nHb58kTS+pLrgF/JWtr7fAIkHxRDceH7tdy5fMA783nUfbYwZ7H2XLvSeYfcnWIYCig5dWW+icK9X/Ag=="
    },
    "mongo-object": {
      "version": "0.1.4",
      "resolved": "https://registry.npmjs.org/mongo-object/-/mongo-object-0.1.4.tgz",
      "integrity": "sha512-QtYk0gupWEn2+iB+DDRt1L+WbcNYvJRaHdih/dcqthOa1DbnREUGSs2WGcW478GNYpElflo/yybZXu0sTiRXHg=="
    },
    "simpl-schema": {
      "version": "1.10.2",
      "resolved": "https://registry.npmjs.org/simpl-schema/-/simpl-schema-1.10.2.tgz",
      "integrity": "sha512-s53RTUqy4sLR9ah8Jqgs2yqyQeImYDPWGqBxcboJRj4FN3Z022r1TEeYkN0k6sxVtE1E+dXk0aFEbRnEiFHB8w=="
    }
  }
}
